
Microsoft Visual Studio Solution File, Format Version 12.00
# Visual Studio Version 16
VisualStudioVersion = 16.0.30413.136
MinimumVisualStudioVersion = 10.0.40219.1
Project("{FAE04EC0-301F-11D3-BF4B-00C04F79EFBC}") = "Call_thiscall", "Call_thiscall\Call_thiscall.csproj", "{7B12D270-4FD2-472B-BD28-C341DE7853D9}"
EndProject
Project("{8BC9CEB8-8B4A-11D0-8D11-00A0C91BC942}") = "thiscallDll", "thiscallDll\thiscallDll.vcxproj", "{A7312B27-8BCF-4512-B0F1-10DB451ECC09}"
EndProject
Global
	GlobalSection(SolutionConfigurationPlatforms) = preSolution
		Debug|Any CPU = Debug|Any CPU
		Debug|x64 = Debug|x64
		Debug|x86 = Debug|x86
		Release|Any CPU = Release|Any CPU
		Release|x64 = Release|x64
		Release|x86 = Release|x86
	EndGlobalSection
	GlobalSection(ProjectConfigurationPlatforms) = postSolution
		{7B12D270-4FD2-472B-BD28-C341DE7853D9}.Debug|Any CPU.ActiveCfg = Debug|Any CPU
		{7B12D270-4FD2-472B-BD28-C341DE7853D9}.Debug|Any CPU.Build.0 = Debug|Any CPU
		{7B12D270-4FD2-472B-BD28-C341DE7853D9}.Debug|x64.ActiveCfg = Debug|Any CPU
		{7B12D270-4FD2-472B-BD28-C341DE7853D9}.Debug|x64.Build.0 = Debug|Any CPU
		{7B12D270-4FD2-472B-BD28-C341DE7853D9}.Debug|x86.ActiveCfg = Debug|x86
		{7B12D270-4FD2-472B-BD28-C341DE7853D9}.Debug|x86.Build.0 = Debug|x86
		{7B12D270-4FD2-472B-BD28-C341DE7853D9}.Release|Any CPU.ActiveCfg = Release|Any CPU
		{7B12D270-4FD2-472B-BD28-C341DE7853D9}.Release|Any CPU.Build.0 = Release|Any CPU
		{7B12D270-4FD2-472B-BD28-C341DE7853D9}.Release|x64.ActiveCfg = Release|Any CPU
		{7B12D270-4FD2-472B-BD28-C341DE7853D9}.Release|x64.Build.0 = Release|Any CPU
		{7B12D270-4FD2-472B-BD28-C341DE7853D9}.Release|x86.ActiveCfg = Release|x86
		{7B12D270-4FD2-472B-BD28-C341DE7853D9}.Release|x86.Build.0 = Release|x86
		{A7312B27-8BCF-4512-B0F1-10DB451ECC09}.Debug|Any CPU.ActiveCfg = Debug|Win32
		{A7312B27-8BCF-4512-B0F1-10DB451ECC09}.Debug|x64.ActiveCfg = Debug|x64
		{A7312B27-8BCF-4512-B0F1-10DB451ECC09}.Debug|x64.Build.0 = Debug|x64
		{A7312B27-8BCF-4512-B0F1-10DB451ECC09}.Debug|x86.ActiveCfg = Debug|Win32
		{A7312B27-8BCF-4512-B0F1-10DB451ECC09}.Debug|x86.Build.0 = Debug|Win32
		{A7312B27-8BCF-4512-B0F1-10DB451ECC09}.Release|Any CPU.ActiveCfg = Release|Win32
		{A7312B27-8BCF-4512-B0F1-10DB451ECC09}.Release|x64.ActiveCfg = Release|x64
		{A7312B27-8BCF-4512-B0F1-10DB451ECC09}.Release|x64.Build.0 = Release|x64
		{A7312B27-8BCF-4512-B0F1-10DB451ECC09}.Release|x86.ActiveCfg = Release|Win32
		{A7312B27-8BCF-4512-B0F1-10DB451ECC09}.Release|x86.Build.0 = Release|Win32
	EndGlobalSection
	GlobalSection(SolutionProperties) = preSolution
		HideSolutionNode = FALSE
	EndGlobalSection
	GlobalSection(ExtensibilityGlobals) = postSolution
		SolutionGuid = {BEE5496E-5A34-4BB5-829E-432E0A9C4865}
	EndGlobalSection
EndGlobal
